
Microsoft Visual Studio Solution File, Format Version 12.00
# Visual Studio Version 16
VisualStudioVersion = 16.0.29326.143
MinimumVisualStudioVersion = 10.0.40219.1
Project("{FAE04EC0-301F-11D3-BF4B-00C04F79EFBC}") = "Cashier", "Cashier\Cashier.csproj", "{20EF0984-CF0C-4553-9C72-DA52DC444223}"
EndProject
Global
	GlobalSection(SolutionConfigurationPlatforms) = preSolution
		Debug|Any CPU = Debug|Any CPU
		Release|Any CPU = Release|Any CPU
	EndGlobalSection
	GlobalSection(ProjectConfigurationPlatforms) = postSolution
		{20EF0984-CF0C-4553-9C72-DA52DC444223}.Debug|Any CPU.ActiveCfg = Debug|Any CPU
		{20EF0984-CF0C-4553-9C72-DA52DC444223}.Debug|Any CPU.Build.0 = Debug|Any CPU
		{20EF0984-CF0C-4553-9C72-DA52DC444223}.Release|Any CPU.ActiveCfg = Release|Any CPU
		{20EF0984-CF0C-4553-9C72-DA52DC444223}.Release|Any CPU.Build.0 = Release|Any CPU
	EndGlobalSection
	GlobalSection(SolutionProperties) = preSolution
		HideSolutionNode = FALSE
	EndGlobalSection
	GlobalSection(ExtensibilityGlobals) = postSolution
		SolutionGuid = {4EFE1CD4-67B0-4B00-B926-6884F870D8E4}
	EndGlobalSection
EndGlobal
